// !$*UTF8*$!
{
	archiveVersion = 1;
	classes = {
	};
	objectVersion = 46;
	objects = {

/* Begin PBXBuildFile section */
		D01E7B7F1D94904C00B07A48 /* AppDelegate.swift in Sources */ = {isa = PBXBuildFile; fileRef = D01E7B7E1D94904C00B07A48 /* AppDelegate.swift */; };
		D01E7B811D94904C00B07A48 /* ViewController.swift in Sources */ = {isa = PBXBuildFile; fileRef = D01E7B801D94904C00B07A48 /* ViewController.swift */; };
		D01E7B841D94904C00B07A48 /* Main.storyboard in Resources */ = {isa = PBXBuildFile; fileRef = D01E7B821D94904C00B07A48 /* Main.storyboard */; };
		D01E7B861D94904C00B07A48 /* Assets.xcassets in Resources */ = {isa = PBXBuildFile; fileRef = D01E7B851D94904C00B07A48 /* Assets.xcassets */; };
		D01E7B891D94904C00B07A48 /* LaunchScreen.storyboard in Resources */ = {isa = PBXBuildFile; fileRef = D01E7B871D94904C00B07A48 /* LaunchScreen.storyboard */; };
/* End PBXBuildFile section */

/* Begin PBXFileReference section */
		D01E7B7B1D94904C00B07A48 /* old-school-mac.app */ = {isa = PBXFileReference; explicitFileType = wrapper.application; includeInIndex = 0; path = "old-school-mac.app"; sourceTree = BUILT_PRODUCTS_DIR; };
		D01E7B7E1D94904C00B07A48 /* AppDelegate.swift */ = {isa = PBXFileReference; lastKnownFileType = sourcecode.swift; path = AppDelegate.swift; sourceTree = "<group>"; };
		D01E7B801D94904C00B07A48 /* ViewController.swift */ = {isa = PBXFileReference; lastKnownFileType = sourcecode.swift; path = ViewController.swift; sourceTree = "<group>"; };
		D01E7B831D94904C00B07A48 /* Base */ = {isa = PBXFileReference; lastKnownFileType = file.storyboard; name = Base; path = Base.lproj/Main.storyboard; sourceTree = "<group>"; };
		D01E7B851D94904C00B07A48 /* Assets.xcassets */ = {isa = PBXFileReference; lastKnownFileType = folder.assetcatalog; path = Assets.xcassets; sourceTree = "<group>"; };
		D01E7B881D94904C00B07A48 /* Base */ = {isa = PBXFileReference; lastKnownFileType = file.storyboard; name = Base; path = Base.lproj/LaunchScreen.storyboard; sourceTree = "<group>"; };
		D01E7B8A1D94904C00B07A48 /* Info.plist */ = {isa = PBXFileReference; lastKnownFileType = text.plist.xml; path = Info.plist; sourceTree = "<group>"; };
/* End PBXFileReference section */

/* Begin PBXFrameworksBuildPhase section */
		D01E7B781D94904B00B07A48 /* Frameworks */ = {
			isa = PBXFrameworksBuildPhase;
			buildActionMask = 2147483647;
			files = (
			);
			runOnlyForDeploymentPostprocessing = 0;
		};
/* End PBXFrameworksBuildPhase section */

/* Begin PBXGroup section */
		D01E7B721D94904B00B07A48 = {
			isa = PBXGroup;
			children = (
				D01E7B7D1D94904C00B07A48 /* old-school-mac */,
				D01E7B7C1D94904C00B07A48 /* Products */,
			);
			sourceTree = "<group>";
		};
		D01E7B7C1D94904C00B07A48 /* Products */ = {
			isa = PBXGroup;
			children = (
				D01E7B7B1D94904C00B07A48 /* old-school-mac.app */,
			);
			name = Products;
			sourceTree = "<group>";
		};
		D01E7B7D1D94904C00B07A48 /* old-school-mac */ = {
			isa = PBXGroup;
			children = (
				D01E7B7E1D94904C00B07A48 /* AppDelegate.swift */,
				D01E7B801D94904C00B07A48 /* ViewController.swift */,
				D01E7B821D94904C00B07A48 /* Main.storyboard */,
				D01E7B851D94904C00B07A48 /* Assets.xcassets */,
				D01E7B871D94904C00B07A48 /* LaunchScreen.storyboard */,
				D01E7B8A1D94904C00B07A48 /* Info.plist */,
			);
			path = "old-school-mac";
			sourceTree = "<group>";
		};
/* End PBXGroup section */

/* Begin PBXNativeTarget section */
		D01E7B7A1D94904B00B07A48 /* old-school-mac */ = {
			isa = PBXNativeTarget;
			buildConfigurationList = D01E7B8D1D94904C00B07A48 /* Build configuration list for PBXNativeTarget "old-school-mac" */;
			buildPhases = (
				D01E7B771D94904B00B07A48 /* Sources */,
				D01E7B781D94904B00B07A48 /* Frameworks */,
				D01E7B791D94904B00B07A48 /* Resources */,
			);
			buildRules = (
			);
			dependencies = (
			);
			name = "old-school-mac";
			productName = "old-school-mac";
			productReference = D01E7B7B1D94904C00B07A48 /* old-school-mac.app */;
			productType = "com.apple.product-type.application";
		};
/* End PBXNativeTarget section */

/* Begin PBXProject section */
		D01E7B731D94904B00B07A48 /* Project object */ = {
			isa = PBXProject;
			attributes = {
				LastSwiftUpdateCheck = 0730;
				LastUpgradeCheck = 0730;
				ORGANIZATIONNAME = "Peter Zaporowski";
				TargetAttributes = {
					D01E7B7A1D94904B00B07A48 = {
						CreatedOnToolsVersion = 7.3.1;
					};
				};
			};
			buildConfigurationList = D01E7B761D94904B00B07A48 /* Build configuration list for PBXProject "old-school-mac" */;
			compatibilityVersion = "Xcode 3.2";
			developmentRegion = English;
			hasScannedForEncodings = 0;
			knownRegions = (
				en,
				Base,
			);
			mainGroup = D01E7B721D94904B00B07A48;
			productRefGroup = D01E7B7C1D94904C00B07A48 /* Products */;
			projectDirPath = "";
			projectRoot = "";
			targets = (
				D01E7B7A1D94904B00B07A48 /* old-school-mac */,
			);
		};
/* End PBXProject section */

/* Begin PBXResourcesBuildPhase section */
		D01E7B791D94904B00B07A48 /* Resources */ = {
			isa = PBXResourcesBuildPhase;
			buildActionMask = 2147483647;
			files = (
				D01E7B891D94904C00B07A48 /* LaunchScreen.storyboard in Resources */,
				D01E7B861D94904C00B07A48 /* Assets.xcassets in Resources */,
				D01E7B841D94904C00B07A48 /* Main.storyboard in Resources */,
			);
			runOnlyForDeploymentPostprocessing = 0;
		};
/* End PBXResourcesBuildPhase section */

/* Begin PBXSourcesBuildPhase section */
		D01E7B771D94904B00B07A48 /* Sources */ = {
			isa = PBXSourcesBuildPhase;
			buildActionMask = 2147483647;
			files = (
				D01E7B811D94904C00B07A48 /* ViewController.swift in Sources */,
				D01E7B7F1D94904C00B07A48 /* AppDelegate.swift in Sources */,
			);
			runOnlyForDeploymentPostprocessing = 0;
		};
/* End PBXSourcesBuildPhase section */

/* Begin PBXVariantGroup section */
		D01E7B821D94904C00B07A48 /* Main.storyboard */ = {
			isa = PBXVariantGroup;
			children = (
				D01E7B831D94904C00B07A48 /* Base */,
			);
			name = Main.storyboard;
			sourceTree = "<group>";
		};
		D01E7B871D94904C00B07A48 /* LaunchScreen.storyboard */ = {
			isa = PBXVariantGroup;
			children = (
				D01E7B881D94904C00B07A48 /* Base */,
			);
			name = LaunchScreen.storyboard;
			sourceTree = "<group>";
		};
/* End PBXVariantGroup section */

/* Begin XCBuildConfiguration section */
		D01E7B8B1D94904C00B07A48 /* Debug */ = {
			isa = XCBuildConfiguration;
			buildSettings = {
				ALWAYS_SEARCH_USER_PATHS = NO;
				CLANG_ANALYZER_NONNULL = YES;
				CLANG_CXX_LANGUAGE_STANDARD = "gnu++0x";
				CLANG_CXX_LIBRARY = "libc++";
				CLANG_ENABLE_MODULES = YES;
				CLANG_ENABLE_OBJC_ARC = YES;
				CLANG_WARN_BOOL_CONVERSION = YES;
				CLANG_WARN_CONSTANT_CONVERSION = YES;
				CLANG_WARN_DIRECT_OBJC_ISA_USAGE = YES_ERROR;
				CLANG_WARN_EMPTY_BODY = YES;
				CLANG_WARN_ENUM_CONVERSION = YES;
				CLANG_WARN_INT_CONVERSION = YES;
				CLANG_WARN_OBJC_ROOT_CLASS = YES_ERROR;
				CLANG_WARN_UNREACHABLE_CODE = YES;
				CLANG_WARN__DUPLICATE_METHOD_MATCH = YES;
				"CODE_SIGN_IDENTITY[sdk=iphoneos*]" = "iPhone Developer";
				COPY_PHASE_STRIP = NO;
				DEBUG_INFORMATION_FORMAT = dwarf;
				ENABLE_STRICT_OBJC_MSGSEND = YES;
				ENABLE_TESTABILITY = YES;
				GCC_C_LANGUAGE_STANDARD = gnu99;
				GCC_DYNAMIC_NO_PIC = NO;
				GCC_NO_COMMON_BLOCKS = YES;
				GCC_OPTIMIZATION_LEVEL = 0;
				GCC_PREPROCESSOR_DEFINITIONS = (
					"DEBUG=1",
					"$(inherited)",
				);
				GCC_WARN_64_TO_32_BIT_CONVERSION = YES;
				GCC_WARN_ABOUT_RETURN_TYPE = YES_ERROR;
				GCC_WARN_UNDECLARED_SELECTOR = YES;
				GCC_WARN_UNINITIALIZED_AUTOS = YES_AGGRESSIVE;
				GCC_WARN_UNUSED_FUNCTION = YES;
				GCC_WARN_UNUSED_VARIABLE = YES;
				IPHONEOS_DEPLOYMENT_TARGET = 9.3;
				MTL_ENABLE_DEBUG_INFO = YES;
				ONLY_ACTIVE_ARCH = YES;
				SDKROOT = iphoneos;
				SWIFT_OPTIMIZATION_LEVEL = "-Onone";
			};
			name = Debug;
		};
		D01E7B8C1D94904C00B07A48 /* Release */ = {
			isa = XCBuildConfiguration;
			buildSettings = {
				ALWAYS_SEARCH_USER_PATHS = NO;
				CLANG_ANALYZER_NONNULL = YES;
				CLANG_CXX_LANGUAGE_STANDARD = "gnu++0x";
				CLANG_CXX_LIBRARY = "libc++";
				CLANG_ENABLE_MODULES = YES;
				CLANG_ENABLE_OBJC_ARC = YES;
				CLANG_WARN_BOOL_CONVERSION = YES;
				CLANG_WARN_CONSTANT_CONVERSION = YES;
				CLANG_WARN_DIRECT_OBJC_ISA_USAGE = YES_ERROR;
				CLANG_WARN_EMPTY_BODY = YES;
				CLANG_WARN_ENUM_CONVERSION = YES;
				CLANG_WARN_INT_CONVERSION = YES;
				CLANG_WARN_OBJC_ROOT_CLASS = YES_ERROR;
				CLANG_WARN_UNREACHABLE_CODE = YES;
				CLANG_WARN__DUPLICATE_METHOD_MATCH = YES;
				"CODE_SIGN_IDENTITY[sdk=iphoneos*]" = "iPhone Developer";
				COPY_PHASE_STRIP = NO;
				DEBUG_INFORMATION_FORMAT = "dwarf-with-dsym";
				ENABLE_NS_ASSERTIONS = NO;
				ENABLE_STRICT_OBJC_MSGSEND = YES;
				GCC_C_LANGUAGE_STANDARD = gnu99;
				GCC_NO_COMMON_BLOCKS = YES;
				GCC_WARN_64_TO_32_BIT_CONVERSION = YES;
				GCC_WARN_ABOUT_RETURN_TYPE = YES_ERROR;
				GCC_WARN_UNDECLARED_SELECTOR = YES;
				GCC_WARN_UNINITIALIZED_AUTOS = YES_AGGRESSIVE;
				GCC_WARN_UNUSED_FUNCTION = YES;
				GCC_WARN_UNUSED_VARIABLE = YES;
				IPHONEOS_DEPLOYMENT_TARGET = 9.3;
				MTL_ENABLE_DEBUG_INFO = NO;
				SDKROOT = iphoneos;
				VALIDATE_PRODUCT = YES;
			};
			name = Release;
		};
		D01E7B8E1D94904C00B07A48 /* Debug */ = {
			isa = XCBuildConfiguration;
			buildSettings = {
				ASSETCATALOG_COMPILER_APPICON_NAME = AppIcon;
				INFOPLIST_FILE = "old-school-mac/Info.plist";
				LD_RUNPATH_SEARCH_PATHS = "$(inherited) @executable_path/Frameworks";
				PRODUCT_BUNDLE_IDENTIFIER = "com.peterzig.old-school-mac";
				PRODUCT_NAME = "$(TARGET_NAME)";
			};
			name = Debug;
		};
		D01E7B8F1D94904C00B07A48 /* Release */ = {
			isa = XCBuildConfiguration;
			buildSettings = {
				ASSETCATALOG_COMPILER_APPICON_NAME = AppIcon;
				INFOPLIST_FILE = "old-school-mac/Info.plist";
				LD_RUNPATH_SEARCH_PATHS = "$(inherited) @executable_path/Frameworks";
				PRODUCT_BUNDLE_IDENTIFIER = "com.peterzig.old-school-mac";
				PRODUCT_NAME = "$(TARGET_NAME)";
			};
			name = Release;
		};
/* End XCBuildConfiguration section */

/* Begin XCConfigurationList section */
		D01E7B761D94904B00B07A48 /* Build configuration list for PBXProject "old-school-mac" */ = {
			isa = XCConfigurationList;
			buildConfigurations = (
				D01E7B8B1D94904C00B07A48 /* Debug */,
				D01E7B8C1D94904C00B07A48 /* Release */,
			);
			defaultConfigurationIsVisible = 0;
			defaultConfigurationName = Release;
		};
		D01E7B8D1D94904C00B07A48 /* Build configuration list for PBXNativeTarget "old-school-mac" */ = {
			isa = XCConfigurationList;
			buildConfigurations = (
				D01E7B8E1D94904C00B07A48 /* Debug */,
				D01E7B8F1D94904C00B07A48 /* Release */,
			);
			defaultConfigurationIsVisible = 0;
		};
/* End XCConfigurationList section */
	};
	rootObject = D01E7B731D94904B00B07A48 /* Project object */;
}
